
Microsoft Visual Studio Solution File, Format Version 12.00
# Visual Studio Version 17
VisualStudioVersion = 17.6.33829.357
MinimumVisualStudioVersion = 10.0.40219.1
Project("{9A19103F-16F7-4668-BE54-9A1E7A4F7556}") = "T03_01_HelloWorld", "T03_01_HelloWorld\T03_01_HelloWorld.csproj", "{F316DEE4-67C6-4E10-B38F-96AA9761ADA0}"
EndProject
Project("{9A19103F-16F7-4668-BE54-9A1E7A4F7556}") = "T03_05_HelloWorldInNet5", "T03_05_HelloWorldInNet5\T03_05_HelloWorldInNet5.csproj", "{F2E6436B-0311-4892-8826-AA961C2B1443}"
EndProject
Project("{9A19103F-16F7-4668-BE54-9A1E7A4F7556}") = "T03_07_HelloWorld", "T03_07_HelloWorld\T03_07_HelloWorld.csproj", "{3E01AB88-7D38-445B-B3BB-792E44010811}"
EndProject
Project("{9A19103F-16F7-4668-BE54-9A1E7A4F7556}") = "T04_02_GreetingApp", "T04_02_GreetingApp\T04_02_GreetingApp.csproj", "{651C797E-6F66-4E1B-AB49-DBDAA634FFC7}"
EndProject
Project("{9A19103F-16F7-4668-BE54-9A1E7A4F7556}") = "T05_02_StringVariables", "T05_02_StringVariables\T05_02_StringVariables.csproj", "{E34EBF5B-4A90-4953-8EEC-831F1FA4ABF6}"
EndProject
Project("{9A19103F-16F7-4668-BE54-9A1E7A4F7556}") = "T05_03_IntVariables", "T05_03_IntVariables\T05_03_IntVariables.csproj", "{A327D2AB-2881-4078-8094-F3CDEAEC4835}"
EndProject
Project("{9A19103F-16F7-4668-BE54-9A1E7A4F7556}") = "T05_04_DoubleVariables", "T05_04_DoubleVariables\T05_04_DoubleVariables.csproj", "{C106EC7B-EA5A-409C-BCB2-D77FFFC8D9B5}"
EndProject
Project("{9A19103F-16F7-4668-BE54-9A1E7A4F7556}") = "T05_05_DecimalVariables", "T05_05_DecimalVariables\T05_05_DecimalVariables.csproj", "{B8C76BB2-A2EB-48ED-A92F-22C7D352B65E}"
EndProject
Project("{9A19103F-16F7-4668-BE54-9A1E7A4F7556}") = "T05_06_BoolVariables", "T05_06_BoolVariables\T05_06_BoolVariables.csproj", "{98620C68-0C43-467B-9188-D20A9352A447}"
EndProject
Project("{9A19103F-16F7-4668-BE54-9A1E7A4F7556}") = "T05_07_NullVariables", "T05_07_NullVariables\T05_07_NullVariables.csproj", "{488C8D19-07AE-42D1-8154-88DE1A79E656}"
EndProject
Project("{9A19103F-16F7-4668-BE54-9A1E7A4F7556}") = "T05_08_HomeworkVariables", "T05_08_HomeworkVariables\T05_08_HomeworkVariables.csproj", "{11FD3A4E-CB6C-49FA-995B-64EEE0F3EC1B}"
EndProject
Project("{9A19103F-16F7-4668-BE54-9A1E7A4F7556}") = "T05_09_DateTimeVariables", "T05_09_DateTimeVariables\T05_09_DateTimeVariables.csproj", "{BD0D2281-BDBC-4336-8FBF-154D70D37DCF}"
EndProject
Project("{9A19103F-16F7-4668-BE54-9A1E7A4F7556}") = "T05_10_DateOnlyVariables", "T05_10_DateOnlyVariables\T05_10_DateOnlyVariables.csproj", "{4041C13F-4F60-44F6-AD4F-2EB55501054C}"
EndProject
Project("{9A19103F-16F7-4668-BE54-9A1E7A4F7556}") = "T05_11_TimeOnlyVariables", "T05_11_TimeOnlyVariables\T05_11_TimeOnlyVariables.csproj", "{6A2D57B1-F870-480F-A750-FA1C325FB5BD}"
EndProject
Project("{9A19103F-16F7-4668-BE54-9A1E7A4F7556}") = "T05_12_TypeConversions", "T05_12_TypeConversions\T05_12_TypeConversions.csproj", "{6ACAF417-E0E4-4AAA-9643-AA3607885E52}"
EndProject
Project("{9A19103F-16F7-4668-BE54-9A1E7A4F7556}") = "T05_13_HomeworkTypeConversion", "T05_13_HomeworkTypeConversion\T05_13_HomeworkTypeConversion.csproj", "{BF402719-FE5D-49CD-8E2E-87F05552598A}"
EndProject
Project("{9A19103F-16F7-4668-BE54-9A1E7A4F7556}") = "T06_02_BasicIf", "T06_02_BasicIf\T06_02_BasicIf.csproj", "{920D1A38-0CA0-4C8D-BFD8-C508D875B267}"
EndProject
Project("{9A19103F-16F7-4668-BE54-9A1E7A4F7556}") = "T06_03_AdvancedIf", "T06_03_AdvancedIf\T06_03_AdvancedIf.csproj", "{74B64FCA-7E63-4777-AD65-EE29ACDE67DC}"
EndProject
Project("{9A19103F-16F7-4668-BE54-9A1E7A4F7556}") = "T06_04_SwitchStatements", "T06_04_SwitchStatements\T06_04_SwitchStatements.csproj", "{266FB487-2765-4BD6-9A93-4BE67677E41D}"
EndProject
Project("{9A19103F-16F7-4668-BE54-9A1E7A4F7556}") = "T06_05_HomeworkConditionalStat", "T06_05_HomeworkConditionalStat\T06_05_HomeworkConditionalStat.csproj", "{D932342D-1678-4D06-81BF-3D8847906C12}"
EndProject
Project("{9A19103F-16F7-4668-BE54-9A1E7A4F7556}") = "T07_HomeworkStudentCheck", "T07_HomeworkStudentCheck\T07_HomeworkStudentCheck.csproj", "{054FE2D0-52F6-49F4-928A-8DE8711D99B0}"
EndProject
Project("{9A19103F-16F7-4668-BE54-9A1E7A4F7556}") = "T08_02_DoLoop", "T08_02_DoLoop\T08_02_DoLoop.csproj", "{A7001598-F51D-4AFE-BD78-B32AD1F74D18}"
EndProject
Project("{9A19103F-16F7-4668-BE54-9A1E7A4F7556}") = "T08_03_HomeworkDoLoop", "T08_03_HomeworkDoLoop\T08_03_HomeworkDoLoop.csproj", "{0F93BA22-88A2-4465-AEB7-4500153ADAC8}"
EndProject
Project("{9A19103F-16F7-4668-BE54-9A1E7A4F7556}") = "T08_04_Arrays", "T08_04_Arrays\T08_04_Arrays.csproj", "{01D8ABA1-825B-46B4-81F9-C36F1336F3D0}"
EndProject
Project("{9A19103F-16F7-4668-BE54-9A1E7A4F7556}") = "T08_05_HomeworkArrays", "T08_05_HomeworkArrays\T08_05_HomeworkArrays.csproj", "{89BAB13D-017C-453C-B76D-5816FA67EFE5}"
EndProject
Project("{FAE04EC0-301F-11D3-BF4B-00C04F79EFBC}") = "T08_06_Lists", "T08_06_Lists\T08_06_Lists.csproj", "{6D7FA97D-B0E8-45E3-B2B8-8F4A5E791E45}"
EndProject
Project("{FAE04EC0-301F-11D3-BF4B-00C04F79EFBC}") = "T08_08_HomeworkLists", "T08_08_HomeworkLists\T08_08_HomeworkLists.csproj", "{6C0BDD16-8ACD-43FE-87B1-F1E63B8B50F6}"
EndProject
Global
	GlobalSection(SolutionConfigurationPlatforms) = preSolution
		Debug|Any CPU = Debug|Any CPU
		Release|Any CPU = Release|Any CPU
	EndGlobalSection
	GlobalSection(ProjectConfigurationPlatforms) = postSolution
		{F316DEE4-67C6-4E10-B38F-96AA9761ADA0}.Debug|Any CPU.ActiveCfg = Debug|Any CPU
		{F316DEE4-67C6-4E10-B38F-96AA9761ADA0}.Debug|Any CPU.Build.0 = Debug|Any CPU
		{F316DEE4-67C6-4E10-B38F-96AA9761ADA0}.Release|Any CPU.ActiveCfg = Release|Any CPU
		{F316DEE4-67C6-4E10-B38F-96AA9761ADA0}.Release|Any CPU.Build.0 = Release|Any CPU
		{F2E6436B-0311-4892-8826-AA961C2B1443}.Debug|Any CPU.ActiveCfg = Debug|Any CPU
		{F2E6436B-0311-4892-8826-AA961C2B1443}.Debug|Any CPU.Build.0 = Debug|Any CPU
		{F2E6436B-0311-4892-8826-AA961C2B1443}.Release|Any CPU.ActiveCfg = Release|Any CPU
		{F2E6436B-0311-4892-8826-AA961C2B1443}.Release|Any CPU.Build.0 = Release|Any CPU
		{3E01AB88-7D38-445B-B3BB-792E44010811}.Debug|Any CPU.ActiveCfg = Debug|Any CPU
		{3E01AB88-7D38-445B-B3BB-792E44010811}.Debug|Any CPU.Build.0 = Debug|Any CPU
		{3E01AB88-7D38-445B-B3BB-792E44010811}.Release|Any CPU.ActiveCfg = Release|Any CPU
		{3E01AB88-7D38-445B-B3BB-792E44010811}.Release|Any CPU.Build.0 = Release|Any CPU
		{651C797E-6F66-4E1B-AB49-DBDAA634FFC7}.Debug|Any CPU.ActiveCfg = Debug|Any CPU
		{651C797E-6F66-4E1B-AB49-DBDAA634FFC7}.Debug|Any CPU.Build.0 = Debug|Any CPU
		{651C797E-6F66-4E1B-AB49-DBDAA634FFC7}.Release|Any CPU.ActiveCfg = Release|Any CPU
		{651C797E-6F66-4E1B-AB49-DBDAA634FFC7}.Release|Any CPU.Build.0 = Release|Any CPU
		{E34EBF5B-4A90-4953-8EEC-831F1FA4ABF6}.Debug|Any CPU.ActiveCfg = Debug|Any CPU
		{E34EBF5B-4A90-4953-8EEC-831F1FA4ABF6}.Debug|Any CPU.Build.0 = Debug|Any CPU
		{E34EBF5B-4A90-4953-8EEC-831F1FA4ABF6}.Release|Any CPU.ActiveCfg = Release|Any CPU
		{E34EBF5B-4A90-4953-8EEC-831F1FA4ABF6}.Release|Any CPU.Build.0 = Release|Any CPU
		{A327D2AB-2881-4078-8094-F3CDEAEC4835}.Debug|Any CPU.ActiveCfg = Debug|Any CPU
		{A327D2AB-2881-4078-8094-F3CDEAEC4835}.Debug|Any CPU.Build.0 = Debug|Any CPU
		{A327D2AB-2881-4078-8094-F3CDEAEC4835}.Release|Any CPU.ActiveCfg = Release|Any CPU
		{A327D2AB-2881-4078-8094-F3CDEAEC4835}.Release|Any CPU.Build.0 = Release|Any CPU
		{C106EC7B-EA5A-409C-BCB2-D77FFFC8D9B5}.Debug|Any CPU.ActiveCfg = Debug|Any CPU
		{C106EC7B-EA5A-409C-BCB2-D77FFFC8D9B5}.Debug|Any CPU.Build.0 = Debug|Any CPU
		{C106EC7B-EA5A-409C-BCB2-D77FFFC8D9B5}.Release|Any CPU.ActiveCfg = Release|Any CPU
		{C106EC7B-EA5A-409C-BCB2-D77FFFC8D9B5}.Release|Any CPU.Build.0 = Release|Any CPU
		{B8C76BB2-A2EB-48ED-A92F-22C7D352B65E}.Debug|Any CPU.ActiveCfg = Debug|Any CPU
		{B8C76BB2-A2EB-48ED-A92F-22C7D352B65E}.Debug|Any CPU.Build.0 = Debug|Any CPU
		{B8C76BB2-A2EB-48ED-A92F-22C7D352B65E}.Release|Any CPU.ActiveCfg = Release|Any CPU
		{B8C76BB2-A2EB-48ED-A92F-22C7D352B65E}.Release|Any CPU.Build.0 = Release|Any CPU
		{98620C68-0C43-467B-9188-D20A9352A447}.Debug|Any CPU.ActiveCfg = Debug|Any CPU
		{98620C68-0C43-467B-9188-D20A9352A447}.Debug|Any CPU.Build.0 = Debug|Any CPU
		{98620C68-0C43-467B-9188-D20A9352A447}.Release|Any CPU.ActiveCfg = Release|Any CPU
		{98620C68-0C43-467B-9188-D20A9352A447}.Release|Any CPU.Build.0 = Release|Any CPU
		{488C8D19-07AE-42D1-8154-88DE1A79E656}.Debug|Any CPU.ActiveCfg = Debug|Any CPU
		{488C8D19-07AE-42D1-8154-88DE1A79E656}.Debug|Any CPU.Build.0 = Debug|Any CPU
		{488C8D19-07AE-42D1-8154-88DE1A79E656}.Release|Any CPU.ActiveCfg = Release|Any CPU
		{488C8D19-07AE-42D1-8154-88DE1A79E656}.Release|Any CPU.Build.0 = Release|Any CPU
		{11FD3A4E-CB6C-49FA-995B-64EEE0F3EC1B}.Debug|Any CPU.ActiveCfg = Debug|Any CPU
		{11FD3A4E-CB6C-49FA-995B-64EEE0F3EC1B}.Debug|Any CPU.Build.0 = Debug|Any CPU
		{11FD3A4E-CB6C-49FA-995B-64EEE0F3EC1B}.Release|Any CPU.ActiveCfg = Release|Any CPU
		{11FD3A4E-CB6C-49FA-995B-64EEE0F3EC1B}.Release|Any CPU.Build.0 = Release|Any CPU
		{BD0D2281-BDBC-4336-8FBF-154D70D37DCF}.Debug|Any CPU.ActiveCfg = Debug|Any CPU
		{BD0D2281-BDBC-4336-8FBF-154D70D37DCF}.Debug|Any CPU.Build.0 = Debug|Any CPU
		{BD0D2281-BDBC-4336-8FBF-154D70D37DCF}.Release|Any CPU.ActiveCfg = Release|Any CPU
		{BD0D2281-BDBC-4336-8FBF-154D70D37DCF}.Release|Any CPU.Build.0 = Release|Any CPU
		{4041C13F-4F60-44F6-AD4F-2EB55501054C}.Debug|Any CPU.ActiveCfg = Debug|Any CPU
		{4041C13F-4F60-44F6-AD4F-2EB55501054C}.Debug|Any CPU.Build.0 = Debug|Any CPU
		{4041C13F-4F60-44F6-AD4F-2EB55501054C}.Release|Any CPU.ActiveCfg = Release|Any CPU
		{4041C13F-4F60-44F6-AD4F-2EB55501054C}.Release|Any CPU.Build.0 = Release|Any CPU
		{6A2D57B1-F870-480F-A750-FA1C325FB5BD}.Debug|Any CPU.ActiveCfg = Debug|Any CPU
		{6A2D57B1-F870-480F-A750-FA1C325FB5BD}.Debug|Any CPU.Build.0 = Debug|Any CPU
		{6A2D57B1-F870-480F-A750-FA1C325FB5BD}.Release|Any CPU.ActiveCfg = Release|Any CPU
		{6A2D57B1-F870-480F-A750-FA1C325FB5BD}.Release|Any CPU.Build.0 = Release|Any CPU
		{6ACAF417-E0E4-4AAA-9643-AA3607885E52}.Debug|Any CPU.ActiveCfg = Debug|Any CPU
		{6ACAF417-E0E4-4AAA-9643-AA3607885E52}.Debug|Any CPU.Build.0 = Debug|Any CPU
		{6ACAF417-E0E4-4AAA-9643-AA3607885E52}.Release|Any CPU.ActiveCfg = Release|Any CPU
		{6ACAF417-E0E4-4AAA-9643-AA3607885E52}.Release|Any CPU.Build.0 = Release|Any CPU
		{BF402719-FE5D-49CD-8E2E-87F05552598A}.Debug|Any CPU.ActiveCfg = Debug|Any CPU
		{BF402719-FE5D-49CD-8E2E-87F05552598A}.Debug|Any CPU.Build.0 = Debug|Any CPU
		{BF402719-FE5D-49CD-8E2E-87F05552598A}.Release|Any CPU.ActiveCfg = Release|Any CPU
		{BF402719-FE5D-49CD-8E2E-87F05552598A}.Release|Any CPU.Build.0 = Release|Any CPU
		{920D1A38-0CA0-4C8D-BFD8-C508D875B267}.Debug|Any CPU.ActiveCfg = Debug|Any CPU
		{920D1A38-0CA0-4C8D-BFD8-C508D875B267}.Debug|Any CPU.Build.0 = Debug|Any CPU
		{920D1A38-0CA0-4C8D-BFD8-C508D875B267}.Release|Any CPU.ActiveCfg = Release|Any CPU
		{920D1A38-0CA0-4C8D-BFD8-C508D875B267}.Release|Any CPU.Build.0 = Release|Any CPU
		{74B64FCA-7E63-4777-AD65-EE29ACDE67DC}.Debug|Any CPU.ActiveCfg = Debug|Any CPU
		{74B64FCA-7E63-4777-AD65-EE29ACDE67DC}.Debug|Any CPU.Build.0 = Debug|Any CPU
		{74B64FCA-7E63-4777-AD65-EE29ACDE67DC}.Release|Any CPU.ActiveCfg = Release|Any CPU
		{74B64FCA-7E63-4777-AD65-EE29ACDE67DC}.Release|Any CPU.Build.0 = Release|Any CPU
		{266FB487-2765-4BD6-9A93-4BE67677E41D}.Debug|Any CPU.ActiveCfg = Debug|Any CPU
		{266FB487-2765-4BD6-9A93-4BE67677E41D}.Debug|Any CPU.Build.0 = Debug|Any CPU
		{266FB487-2765-4BD6-9A93-4BE67677E41D}.Release|Any CPU.ActiveCfg = Release|Any CPU
		{266FB487-2765-4BD6-9A93-4BE67677E41D}.Release|Any CPU.Build.0 = Release|Any CPU
		{D932342D-1678-4D06-81BF-3D8847906C12}.Debug|Any CPU.ActiveCfg = Debug|Any CPU
		{D932342D-1678-4D06-81BF-3D8847906C12}.Debug|Any CPU.Build.0 = Debug|Any CPU
		{D932342D-1678-4D06-81BF-3D8847906C12}.Release|Any CPU.ActiveCfg = Release|Any CPU
		{D932342D-1678-4D06-81BF-3D8847906C12}.Release|Any CPU.Build.0 = Release|Any CPU
		{054FE2D0-52F6-49F4-928A-8DE8711D99B0}.Debug|Any CPU.ActiveCfg = Debug|Any CPU
		{054FE2D0-52F6-49F4-928A-8DE8711D99B0}.Debug|Any CPU.Build.0 = Debug|Any CPU
		{054FE2D0-52F6-49F4-928A-8DE8711D99B0}.Release|Any CPU.ActiveCfg = Release|Any CPU
		{054FE2D0-52F6-49F4-928A-8DE8711D99B0}.Release|Any CPU.Build.0 = Release|Any CPU
		{A7001598-F51D-4AFE-BD78-B32AD1F74D18}.Debug|Any CPU.ActiveCfg = Debug|Any CPU
		{A7001598-F51D-4AFE-BD78-B32AD1F74D18}.Debug|Any CPU.Build.0 = Debug|Any CPU
		{A7001598-F51D-4AFE-BD78-B32AD1F74D18}.Release|Any CPU.ActiveCfg = Release|Any CPU
		{A7001598-F51D-4AFE-BD78-B32AD1F74D18}.Release|Any CPU.Build.0 = Release|Any CPU
		{0F93BA22-88A2-4465-AEB7-4500153ADAC8}.Debug|Any CPU.ActiveCfg = Debug|Any CPU
		{0F93BA22-88A2-4465-AEB7-4500153ADAC8}.Debug|Any CPU.Build.0 = Debug|Any CPU
		{0F93BA22-88A2-4465-AEB7-4500153ADAC8}.Release|Any CPU.ActiveCfg = Release|Any CPU
		{0F93BA22-88A2-4465-AEB7-4500153ADAC8}.Release|Any CPU.Build.0 = Release|Any CPU
		{01D8ABA1-825B-46B4-81F9-C36F1336F3D0}.Debug|Any CPU.ActiveCfg = Debug|Any CPU
		{01D8ABA1-825B-46B4-81F9-C36F1336F3D0}.Debug|Any CPU.Build.0 = Debug|Any CPU
		{01D8ABA1-825B-46B4-81F9-C36F1336F3D0}.Release|Any CPU.ActiveCfg = Release|Any CPU
		{01D8ABA1-825B-46B4-81F9-C36F1336F3D0}.Release|Any CPU.Build.0 = Release|Any CPU
		{89BAB13D-017C-453C-B76D-5816FA67EFE5}.Debug|Any CPU.ActiveCfg = Debug|Any CPU
		{89BAB13D-017C-453C-B76D-5816FA67EFE5}.Debug|Any CPU.Build.0 = Debug|Any CPU
		{89BAB13D-017C-453C-B76D-5816FA67EFE5}.Release|Any CPU.ActiveCfg = Release|Any CPU
		{89BAB13D-017C-453C-B76D-5816FA67EFE5}.Release|Any CPU.Build.0 = Release|Any CPU
		{6D7FA97D-B0E8-45E3-B2B8-8F4A5E791E45}.Debug|Any CPU.ActiveCfg = Debug|Any CPU
		{6D7FA97D-B0E8-45E3-B2B8-8F4A5E791E45}.Debug|Any CPU.Build.0 = Debug|Any CPU
		{6D7FA97D-B0E8-45E3-B2B8-8F4A5E791E45}.Release|Any CPU.ActiveCfg = Release|Any CPU
		{6D7FA97D-B0E8-45E3-B2B8-8F4A5E791E45}.Release|Any CPU.Build.0 = Release|Any CPU
		{6C0BDD16-8ACD-43FE-87B1-F1E63B8B50F6}.Debug|Any CPU.ActiveCfg = Debug|Any CPU
		{6C0BDD16-8ACD-43FE-87B1-F1E63B8B50F6}.Debug|Any CPU.Build.0 = Debug|Any CPU
		{6C0BDD16-8ACD-43FE-87B1-F1E63B8B50F6}.Release|Any CPU.ActiveCfg = Release|Any CPU
		{6C0BDD16-8ACD-43FE-87B1-F1E63B8B50F6}.Release|Any CPU.Build.0 = Release|Any CPU
	EndGlobalSection
	GlobalSection(SolutionProperties) = preSolution
		HideSolutionNode = FALSE
	EndGlobalSection
	GlobalSection(ExtensibilityGlobals) = postSolution
		SolutionGuid = {12B077F9-DCF6-4C00-B149-B011F1941A1C}
	EndGlobalSection
EndGlobal
